
Microsoft Visual Studio Solution File, Format Version 12.00
# Visual Studio 15
VisualStudioVersion = 15.0.27130.2027
MinimumVisualStudioVersion = 10.0.40219.1
Project("{E24C65DC-7377-472B-9ABA-BC803B73C61A}") = "AgileTeam6", "AgileTeam6\", "{0FA8E768-D5F5-445E-943A-1C29FF20E10E}"
	ProjectSection(WebsiteProperties) = preProject
		TargetFrameworkMoniker = ".NETFramework,Version%3Dv4.6.1"
		Debug.AspNetCompiler.VirtualPath = "/localhost_55387"
		Debug.AspNetCompiler.PhysicalPath = "AgileTeam6\"
		Debug.AspNetCompiler.TargetPath = "PrecompiledWeb\localhost_55387\"
		Debug.AspNetCompiler.Updateable = "true"
		Debug.AspNetCompiler.ForceOverwrite = "true"
		Debug.AspNetCompiler.FixedNames = "false"
		Debug.AspNetCompiler.Debug = "True"
		Release.AspNetCompiler.VirtualPath = "/localhost_55387"
		Release.AspNetCompiler.PhysicalPath = "AgileTeam6\"
		Release.AspNetCompiler.TargetPath = "PrecompiledWeb\localhost_55387\"
		Release.AspNetCompiler.Updateable = "true"
		Release.AspNetCompiler.ForceOverwrite = "true"
		Release.AspNetCompiler.FixedNames = "false"
		Release.AspNetCompiler.Debug = "False"
		VWDPort = "55387"
		SlnRelativePath = "AgileTeam6\"
		DefaultWebSiteLanguage = "Visual C#"
	EndProjectSection
EndProject
Project("{FAE04EC0-301F-11D3-BF4B-00C04F79EFBC}") = "WebsiteTests", "UnitTestProject1\WebsiteTests.csproj", "{6BC1976B-BFE1-4B19-83E8-EA6BE7467A89}"
EndProject
Global
	GlobalSection(SolutionConfigurationPlatforms) = preSolution
		Debug|Any CPU = Debug|Any CPU
		Release|Any CPU = Release|Any CPU
	EndGlobalSection
	GlobalSection(ProjectConfigurationPlatforms) = postSolution
		{0FA8E768-D5F5-445E-943A-1C29FF20E10E}.Debug|Any CPU.ActiveCfg = Debug|Any CPU
		{0FA8E768-D5F5-445E-943A-1C29FF20E10E}.Debug|Any CPU.Build.0 = Debug|Any CPU
		{0FA8E768-D5F5-445E-943A-1C29FF20E10E}.Release|Any CPU.ActiveCfg = Debug|Any CPU
		{0FA8E768-D5F5-445E-943A-1C29FF20E10E}.Release|Any CPU.Build.0 = Debug|Any CPU
		{6BC1976B-BFE1-4B19-83E8-EA6BE7467A89}.Debug|Any CPU.ActiveCfg = Debug|Any CPU
		{6BC1976B-BFE1-4B19-83E8-EA6BE7467A89}.Debug|Any CPU.Build.0 = Debug|Any CPU
		{6BC1976B-BFE1-4B19-83E8-EA6BE7467A89}.Release|Any CPU.ActiveCfg = Release|Any CPU
		{6BC1976B-BFE1-4B19-83E8-EA6BE7467A89}.Release|Any CPU.Build.0 = Release|Any CPU
	EndGlobalSection
	GlobalSection(SolutionProperties) = preSolution
		HideSolutionNode = FALSE
	EndGlobalSection
	GlobalSection(ExtensibilityGlobals) = postSolution
		SolutionGuid = {ECF08CCB-1FF1-4763-A113-F9BAB169C4C4}
	EndGlobalSection
EndGlobal
